// !$*UTF8*$!
{
	archiveVersion = 1;
	classes = {
	};
	objectVersion = 46;
	objects = {

/* Begin PBXBuildFile section */
		2C5334631813D7E2008D3024 /* BBSpatialMatcher.m in Sources */ = {isa = PBXBuildFile; fileRef = 2C5334621813D7E2008D3024 /* BBSpatialMatcher.m */; };
		2C5334661813DE13008D3024 /* BBRepeatMatcher.m in Sources */ = {isa = PBXBuildFile; fileRef = 2C5334651813DE13008D3024 /* BBRepeatMatcher.m */; };
		2C5334691813E20B008D3024 /* BBSequenceMatcher.m in Sources */ = {isa = PBXBuildFile; fileRef = 2C5334681813E20B008D3024 /* BBSequenceMatcher.m */; };
		2C53346D1813E6A8008D3024 /* BBRegularExpressionMatchHelper.m in Sources */ = {isa = PBXBuildFile; fileRef = 2C53346C1813E6A8008D3024 /* BBRegularExpressionMatchHelper.m */; };
		2C5334701813E992008D3024 /* BBDigitsMatcher.m in Sources */ = {isa = PBXBuildFile; fileRef = 2C53346F1813E992008D3024 /* BBDigitsMatcher.m */; };
		2C5334731813EA2C008D3024 /* BBYearMatcher.m in Sources */ = {isa = PBXBuildFile; fileRef = 2C5334721813EA2C008D3024 /* BBYearMatcher.m */; };
		2C9526751815530C00D843CE /* BBDateMatcher.m in Sources */ = {isa = PBXBuildFile; fileRef = 2C9526741815530C00D843CE /* BBDateMatcher.m */; };
		2CC9EB171811317C0083828F /* Foundation.framework in Frameworks */ = {isa = PBXBuildFile; fileRef = 2CC9EB161811317C0083828F /* Foundation.framework */; };
		2CC9EB191811317C0083828F /* CoreGraphics.framework in Frameworks */ = {isa = PBXBuildFile; fileRef = 2CC9EB181811317C0083828F /* CoreGraphics.framework */; };
		2CC9EB1B1811317C0083828F /* UIKit.framework in Frameworks */ = {isa = PBXBuildFile; fileRef = 2CC9EB1A1811317C0083828F /* UIKit.framework */; };
		2CC9EB211811317C0083828F /* InfoPlist.strings in Resources */ = {isa = PBXBuildFile; fileRef = 2CC9EB1F1811317C0083828F /* InfoPlist.strings */; };
		2CC9EB231811317C0083828F /* main.m in Sources */ = {isa = PBXBuildFile; fileRef = 2CC9EB221811317C0083828F /* main.m */; };
		2CC9EB271811317C0083828F /* BBAppDelegate.m in Sources */ = {isa = PBXBuildFile; fileRef = 2CC9EB261811317C0083828F /* BBAppDelegate.m */; };
		2CC9EB2A1811317C0083828F /* Main_iPhone.storyboard in Resources */ = {isa = PBXBuildFile; fileRef = 2CC9EB281811317C0083828F /* Main_iPhone.storyboard */; };
		2CC9EB2D1811317C0083828F /* Main_iPad.storyboard in Resources */ = {isa = PBXBuildFile; fileRef = 2CC9EB2B1811317C0083828F /* Main_iPad.storyboard */; };
		2CC9EB301811317C0083828F /* BBViewController.m in Sources */ = {isa = PBXBuildFile; fileRef = 2CC9EB2F1811317C0083828F /* BBViewController.m */; };
		2CC9EB321811317C0083828F /* Images.xcassets in Resources */ = {isa = PBXBuildFile; fileRef = 2CC9EB311811317C0083828F /* Images.xcassets */; };
		2CC9EB391811317C0083828F /* XCTest.framework in Frameworks */ = {isa = PBXBuildFile; fileRef = 2CC9EB381811317C0083828F /* XCTest.framework */; };
		2CC9EB3A1811317C0083828F /* Foundation.framework in Frameworks */ = {isa = PBXBuildFile; fileRef = 2CC9EB161811317C0083828F /* Foundation.framework */; };
		2CC9EB3B1811317C0083828F /* UIKit.framework in Frameworks */ = {isa = PBXBuildFile; fileRef = 2CC9EB1A1811317C0083828F /* UIKit.framework */; };
		2CC9EB431811317C0083828F /* InfoPlist.strings in Resources */ = {isa = PBXBuildFile; fileRef = 2CC9EB411811317C0083828F /* InfoPlist.strings */; };
		2CC9EB451811317C0083828F /* ZXCVBNTests.m in Sources */ = {isa = PBXBuildFile; fileRef = 2CC9EB441811317C0083828F /* ZXCVBNTests.m */; };
		2CC9EB501811384A0083828F /* BBPasswordStrength.m in Sources */ = {isa = PBXBuildFile; fileRef = 2CC9EB4F1811384A0083828F /* BBPasswordStrength.m */; };
		2CC9EB5318113E1B0083828F /* BBPatternCenter.m in Sources */ = {isa = PBXBuildFile; fileRef = 2CC9EB5218113E1B0083828F /* BBPatternCenter.m */; };
		2CC9EB5618113EA90083828F /* adjacency_graphs.json in Resources */ = {isa = PBXBuildFile; fileRef = 2CC9EB5418113EA90083828F /* adjacency_graphs.json */; };
		2CC9EB5718113EA90083828F /* frequency_lists.json in Resources */ = {isa = PBXBuildFile; fileRef = 2CC9EB5518113EA90083828F /* frequency_lists.json */; };
		2CC9EB5D181141BF0083828F /* BBDictionaryMatcher.m in Sources */ = {isa = PBXBuildFile; fileRef = 2CC9EB5C181141BF0083828F /* BBDictionaryMatcher.m */; };
		2CC9EB60181142A40083828F /* BBPattern.m in Sources */ = {isa = PBXBuildFile; fileRef = 2CC9EB5F181142A40083828F /* BBPattern.m */; };
		2CD44AF018128CBB00734182 /* BBL33tMatcher.m in Sources */ = {isa = PBXBuildFile; fileRef = 2CD44AEF18128CBB00734182 /* BBL33tMatcher.m */; };
		2CE9AF36181673DD00D655D2 /* BBEntropyCenter.m in Sources */ = {isa = PBXBuildFile; fileRef = 2CE9AF35181673DD00D655D2 /* BBEntropyCenter.m */; };
/* End PBXBuildFile section */

/* Begin PBXContainerItemProxy section */
		2CC9EB3C1811317C0083828F /* PBXContainerItemProxy */ = {
			isa = PBXContainerItemProxy;
			containerPortal = 2CC9EB0B1811317C0083828F /* Project object */;
			proxyType = 1;
			remoteGlobalIDString = 2CC9EB121811317C0083828F;
			remoteInfo = ZXCVBN;
		};
/* End PBXContainerItemProxy section */

/* Begin PBXFileReference section */
		2C5334611813D7E2008D3024 /* BBSpatialMatcher.h */ = {isa = PBXFileReference; fileEncoding = 4; lastKnownFileType = sourcecode.c.h; path = BBSpatialMatcher.h; sourceTree = "<group>"; };
		2C5334621813D7E2008D3024 /* BBSpatialMatcher.m */ = {isa = PBXFileReference; fileEncoding = 4; lastKnownFileType = sourcecode.c.objc; path = BBSpatialMatcher.m; sourceTree = "<group>"; };
		2C5334641813DE13008D3024 /* BBRepeatMatcher.h */ = {isa = PBXFileReference; fileEncoding = 4; lastKnownFileType = sourcecode.c.h; path = BBRepeatMatcher.h; sourceTree = "<group>"; };
		2C5334651813DE13008D3024 /* BBRepeatMatcher.m */ = {isa = PBXFileReference; fileEncoding = 4; lastKnownFileType = sourcecode.c.objc; path = BBRepeatMatcher.m; sourceTree = "<group>"; };
		2C5334671813E20B008D3024 /* BBSequenceMatcher.h */ = {isa = PBXFileReference; fileEncoding = 4; lastKnownFileType = sourcecode.c.h; path = BBSequenceMatcher.h; sourceTree = "<group>"; };
		2C5334681813E20B008D3024 /* BBSequenceMatcher.m */ = {isa = PBXFileReference; fileEncoding = 4; lastKnownFileType = sourcecode.c.objc; path = BBSequenceMatcher.m; sourceTree = "<group>"; };
		2C53346B1813E6A8008D3024 /* BBRegularExpressionMatchHelper.h */ = {isa = PBXFileReference; fileEncoding = 4; lastKnownFileType = sourcecode.c.h; path = BBRegularExpressionMatchHelper.h; sourceTree = "<group>"; };
		2C53346C1813E6A8008D3024 /* BBRegularExpressionMatchHelper.m */ = {isa = PBXFileReference; fileEncoding = 4; lastKnownFileType = sourcecode.c.objc; path = BBRegularExpressionMatchHelper.m; sourceTree = "<group>"; };
		2C53346E1813E992008D3024 /* BBDigitsMatcher.h */ = {isa = PBXFileReference; fileEncoding = 4; lastKnownFileType = sourcecode.c.h; path = BBDigitsMatcher.h; sourceTree = "<group>"; };
		2C53346F1813E992008D3024 /* BBDigitsMatcher.m */ = {isa = PBXFileReference; fileEncoding = 4; lastKnownFileType = sourcecode.c.objc; path = BBDigitsMatcher.m; sourceTree = "<group>"; };
		2C5334711813EA2C008D3024 /* BBYearMatcher.h */ = {isa = PBXFileReference; fileEncoding = 4; lastKnownFileType = sourcecode.c.h; path = BBYearMatcher.h; sourceTree = "<group>"; };
		2C5334721813EA2C008D3024 /* BBYearMatcher.m */ = {isa = PBXFileReference; fileEncoding = 4; lastKnownFileType = sourcecode.c.objc; path = BBYearMatcher.m; sourceTree = "<group>"; };
		2C9526731815530C00D843CE /* BBDateMatcher.h */ = {isa = PBXFileReference; fileEncoding = 4; lastKnownFileType = sourcecode.c.h; path = BBDateMatcher.h; sourceTree = "<group>"; };
		2C9526741815530C00D843CE /* BBDateMatcher.m */ = {isa = PBXFileReference; fileEncoding = 4; lastKnownFileType = sourcecode.c.objc; path = BBDateMatcher.m; sourceTree = "<group>"; };
		2CC9EB131811317C0083828F /* ZXCVBN.app */ = {isa = PBXFileReference; explicitFileType = wrapper.application; includeInIndex = 0; path = ZXCVBN.app; sourceTree = BUILT_PRODUCTS_DIR; };
		2CC9EB161811317C0083828F /* Foundation.framework */ = {isa = PBXFileReference; lastKnownFileType = wrapper.framework; name = Foundation.framework; path = System/Library/Frameworks/Foundation.framework; sourceTree = SDKROOT; };
		2CC9EB181811317C0083828F /* CoreGraphics.framework */ = {isa = PBXFileReference; lastKnownFileType = wrapper.framework; name = CoreGraphics.framework; path = System/Library/Frameworks/CoreGraphics.framework; sourceTree = SDKROOT; };
		2CC9EB1A1811317C0083828F /* UIKit.framework */ = {isa = PBXFileReference; lastKnownFileType = wrapper.framework; name = UIKit.framework; path = System/Library/Frameworks/UIKit.framework; sourceTree = SDKROOT; };
		2CC9EB1E1811317C0083828F /* ZXCVBN-Info.plist */ = {isa = PBXFileReference; lastKnownFileType = text.plist.xml; path = "ZXCVBN-Info.plist"; sourceTree = "<group>"; };
		2CC9EB201811317C0083828F /* en */ = {isa = PBXFileReference; lastKnownFileType = text.plist.strings; name = en; path = en.lproj/InfoPlist.strings; sourceTree = "<group>"; };
		2CC9EB221811317C0083828F /* main.m */ = {isa = PBXFileReference; lastKnownFileType = sourcecode.c.objc; path = main.m; sourceTree = "<group>"; };
		2CC9EB241811317C0083828F /* ZXCVBN-Prefix.pch */ = {isa = PBXFileReference; lastKnownFileType = sourcecode.c.h; path = "ZXCVBN-Prefix.pch"; sourceTree = "<group>"; };
		2CC9EB251811317C0083828F /* BBAppDelegate.h */ = {isa = PBXFileReference; lastKnownFileType = sourcecode.c.h; path = BBAppDelegate.h; sourceTree = "<group>"; };
		2CC9EB261811317C0083828F /* BBAppDelegate.m */ = {isa = PBXFileReference; lastKnownFileType = sourcecode.c.objc; path = BBAppDelegate.m; sourceTree = "<group>"; };
		2CC9EB291811317C0083828F /* Base */ = {isa = PBXFileReference; lastKnownFileType = file.storyboard; name = Base; path = Base.lproj/Main_iPhone.storyboard; sourceTree = "<group>"; };
		2CC9EB2C1811317C0083828F /* Base */ = {isa = PBXFileReference; lastKnownFileType = file.storyboard; name = Base; path = Base.lproj/Main_iPad.storyboard; sourceTree = "<group>"; };
		2CC9EB2E1811317C0083828F /* BBViewController.h */ = {isa = PBXFileReference; lastKnownFileType = sourcecode.c.h; path = BBViewController.h; sourceTree = "<group>"; };
		2CC9EB2F1811317C0083828F /* BBViewController.m */ = {isa = PBXFileReference; lastKnownFileType = sourcecode.c.objc; path = BBViewController.m; sourceTree = "<group>"; };
		2CC9EB311811317C0083828F /* Images.xcassets */ = {isa = PBXFileReference; lastKnownFileType = folder.assetcatalog; path = Images.xcassets; sourceTree = "<group>"; };
		2CC9EB371811317C0083828F /* ZXCVBNTests.xctest */ = {isa = PBXFileReference; explicitFileType = wrapper.cfbundle; includeInIndex = 0; path = ZXCVBNTests.xctest; sourceTree = BUILT_PRODUCTS_DIR; };
		2CC9EB381811317C0083828F /* XCTest.framework */ = {isa = PBXFileReference; lastKnownFileType = wrapper.framework; name = XCTest.framework; path = Library/Frameworks/XCTest.framework; sourceTree = DEVELOPER_DIR; };
		2CC9EB401811317C0083828F /* ZXCVBNTests-Info.plist */ = {isa = PBXFileReference; lastKnownFileType = text.plist.xml; path = "ZXCVBNTests-Info.plist"; sourceTree = "<group>"; };
		2CC9EB421811317C0083828F /* en */ = {isa = PBXFileReference; lastKnownFileType = text.plist.strings; name = en; path = en.lproj/InfoPlist.strings; sourceTree = "<group>"; };
		2CC9EB441811317C0083828F /* ZXCVBNTests.m */ = {isa = PBXFileReference; lastKnownFileType = sourcecode.c.objc; path = ZXCVBNTests.m; sourceTree = "<group>"; };
		2CC9EB4E1811384A0083828F /* BBPasswordStrength.h */ = {isa = PBXFileReference; fileEncoding = 4; lastKnownFileType = sourcecode.c.h; path = BBPasswordStrength.h; sourceTree = "<group>"; };
		2CC9EB4F1811384A0083828F /* BBPasswordStrength.m */ = {isa = PBXFileReference; fileEncoding = 4; lastKnownFileType = sourcecode.c.objc; path = BBPasswordStrength.m; sourceTree = "<group>"; };
		2CC9EB5118113E1B0083828F /* BBPatternCenter.h */ = {isa = PBXFileReference; fileEncoding = 4; lastKnownFileType = sourcecode.c.h; path = BBPatternCenter.h; sourceTree = "<group>"; };
		2CC9EB5218113E1B0083828F /* BBPatternCenter.m */ = {isa = PBXFileReference; fileEncoding = 4; lastKnownFileType = sourcecode.c.objc; path = BBPatternCenter.m; sourceTree = "<group>"; };
		2CC9EB5418113EA90083828F /* adjacency_graphs.json */ = {isa = PBXFileReference; fileEncoding = 4; lastKnownFileType = text.json; path = adjacency_graphs.json; sourceTree = "<group>"; };
		2CC9EB5518113EA90083828F /* frequency_lists.json */ = {isa = PBXFileReference; fileEncoding = 4; lastKnownFileType = text.json; path = frequency_lists.json; sourceTree = "<group>"; };
		2CC9EB58181141640083828F /* BBPatternMatcher.h */ = {isa = PBXFileReference; fileEncoding = 4; lastKnownFileType = sourcecode.c.h; path = BBPatternMatcher.h; sourceTree = "<group>"; };
		2CC9EB5B181141BF0083828F /* BBDictionaryMatcher.h */ = {isa = PBXFileReference; fileEncoding = 4; lastKnownFileType = sourcecode.c.h; path = BBDictionaryMatcher.h; sourceTree = "<group>"; };
		2CC9EB5C181141BF0083828F /* BBDictionaryMatcher.m */ = {isa = PBXFileReference; fileEncoding = 4; lastKnownFileType = sourcecode.c.objc; path = BBDictionaryMatcher.m; sourceTree = "<group>"; };
		2CC9EB5E181142A40083828F /* BBPattern.h */ = {isa = PBXFileReference; fileEncoding = 4; lastKnownFileType = sourcecode.c.h; path = BBPattern.h; sourceTree = "<group>"; };
		2CC9EB5F181142A40083828F /* BBPattern.m */ = {isa = PBXFileReference; fileEncoding = 4; lastKnownFileType = sourcecode.c.objc; path = BBPattern.m; sourceTree = "<group>"; };
		2CD44AEE18128CBB00734182 /* BBL33tMatcher.h */ = {isa = PBXFileReference; fileEncoding = 4; lastKnownFileType = sourcecode.c.h; path = BBL33tMatcher.h; sourceTree = "<group>"; };
		2CD44AEF18128CBB00734182 /* BBL33tMatcher.m */ = {isa = PBXFileReference; fileEncoding = 4; lastKnownFileType = sourcecode.c.objc; path = BBL33tMatcher.m; sourceTree = "<group>"; };
		2CE9AF34181673DD00D655D2 /* BBEntropyCenter.h */ = {isa = PBXFileReference; fileEncoding = 4; lastKnownFileType = sourcecode.c.h; path = BBEntropyCenter.h; sourceTree = "<group>"; };
		2CE9AF35181673DD00D655D2 /* BBEntropyCenter.m */ = {isa = PBXFileReference; fileEncoding = 4; lastKnownFileType = sourcecode.c.objc; path = BBEntropyCenter.m; sourceTree = "<group>"; };
/* End PBXFileReference section */

/* Begin PBXFrameworksBuildPhase section */
		2CC9EB101811317C0083828F /* Frameworks */ = {
			isa = PBXFrameworksBuildPhase;
			buildActionMask = 2147483647;
			files = (
				2CC9EB191811317C0083828F /* CoreGraphics.framework in Frameworks */,
				2CC9EB1B1811317C0083828F /* UIKit.framework in Frameworks */,
				2CC9EB171811317C0083828F /* Foundation.framework in Frameworks */,
			);
			runOnlyForDeploymentPostprocessing = 0;
		};
		2CC9EB341811317C0083828F /* Frameworks */ = {
			isa = PBXFrameworksBuildPhase;
			buildActionMask = 2147483647;
			files = (
				2CC9EB391811317C0083828F /* XCTest.framework in Frameworks */,
				2CC9EB3B1811317C0083828F /* UIKit.framework in Frameworks */,
				2CC9EB3A1811317C0083828F /* Foundation.framework in Frameworks */,
			);
			runOnlyForDeploymentPostprocessing = 0;
		};
/* End PBXFrameworksBuildPhase section */

/* Begin PBXGroup section */
		2C61292A181A6B7C00F3134F /* ZXCVBN */ = {
			isa = PBXGroup;
			children = (
				2CE9AF34181673DD00D655D2 /* BBEntropyCenter.h */,
				2CE9AF35181673DD00D655D2 /* BBEntropyCenter.m */,
				2CC9EB4E1811384A0083828F /* BBPasswordStrength.h */,
				2CC9EB4F1811384A0083828F /* BBPasswordStrength.m */,
				2CC9EB5E181142A40083828F /* BBPattern.h */,
				2CC9EB5F181142A40083828F /* BBPattern.m */,
				2CC9EB5118113E1B0083828F /* BBPatternCenter.h */,
				2CC9EB5218113E1B0083828F /* BBPatternCenter.m */,
				2CC9EB58181141640083828F /* BBPatternMatcher.h */,
				2C53346B1813E6A8008D3024 /* BBRegularExpressionMatchHelper.h */,
				2C53346C1813E6A8008D3024 /* BBRegularExpressionMatchHelper.m */,
				2CD44AED18128C9A00734182 /* Pattern Matcher */,
			);
			name = ZXCVBN;
			sourceTree = "<group>";
		};
		2CC9EB0A1811317C0083828F = {
			isa = PBXGroup;
			children = (
				2CC9EB1C1811317C0083828F /* ZXCVBN */,
				2CC9EB3E1811317C0083828F /* ZXCVBNTests */,
				2CC9EB151811317C0083828F /* Frameworks */,
				2CC9EB141811317C0083828F /* Products */,
			);
			sourceTree = "<group>";
		};
		2CC9EB141811317C0083828F /* Products */ = {
			isa = PBXGroup;
			children = (
				2CC9EB131811317C0083828F /* ZXCVBN.app */,
				2CC9EB371811317C0083828F /* ZXCVBNTests.xctest */,
			);
			name = Products;
			sourceTree = "<group>";
		};
		2CC9EB151811317C0083828F /* Frameworks */ = {
			isa = PBXGroup;
			children = (
				2CC9EB161811317C0083828F /* Foundation.framework */,
				2CC9EB181811317C0083828F /* CoreGraphics.framework */,
				2CC9EB1A1811317C0083828F /* UIKit.framework */,
				2CC9EB381811317C0083828F /* XCTest.framework */,
			);
			name = Frameworks;
			sourceTree = "<group>";
		};
		2CC9EB1C1811317C0083828F /* ZXCVBN */ = {
			isa = PBXGroup;
			children = (
				2CC9EB251811317C0083828F /* BBAppDelegate.h */,
				2CC9EB261811317C0083828F /* BBAppDelegate.m */,
				2C61292A181A6B7C00F3134F /* ZXCVBN */,
				2CC9EB2E1811317C0083828F /* BBViewController.h */,
				2CC9EB2F1811317C0083828F /* BBViewController.m */,
				2CC9EB311811317C0083828F /* Images.xcassets */,
				2CC9EB2B1811317C0083828F /* Main_iPad.storyboard */,
				2CC9EB281811317C0083828F /* Main_iPhone.storyboard */,
				2CC9EB1D1811317C0083828F /* Supporting Files */,
			);
			path = ZXCVBN;
			sourceTree = "<group>";
		};
		2CC9EB1D1811317C0083828F /* Supporting Files */ = {
			isa = PBXGroup;
			children = (
				2CC9EB5418113EA90083828F /* adjacency_graphs.json */,
				2CC9EB5518113EA90083828F /* frequency_lists.json */,
				2CC9EB1E1811317C0083828F /* ZXCVBN-Info.plist */,
				2CC9EB1F1811317C0083828F /* InfoPlist.strings */,
				2CC9EB221811317C0083828F /* main.m */,
				2CC9EB241811317C0083828F /* ZXCVBN-Prefix.pch */,
			);
			name = "Supporting Files";
			sourceTree = "<group>";
		};
		2CC9EB3E1811317C0083828F /* ZXCVBNTests */ = {
			isa = PBXGroup;
			children = (
				2CC9EB441811317C0083828F /* ZXCVBNTests.m */,
				2CC9EB3F1811317C0083828F /* Supporting Files */,
			);
			path = ZXCVBNTests;
			sourceTree = "<group>";
		};
		2CC9EB3F1811317C0083828F /* Supporting Files */ = {
			isa = PBXGroup;
			children = (
				2CC9EB401811317C0083828F /* ZXCVBNTests-Info.plist */,
				2CC9EB411811317C0083828F /* InfoPlist.strings */,
			);
			name = "Supporting Files";
			sourceTree = "<group>";
		};
		2CD44AED18128C9A00734182 /* Pattern Matcher */ = {
			isa = PBXGroup;
			children = (
				2CC9EB5B181141BF0083828F /* BBDictionaryMatcher.h */,
				2CC9EB5C181141BF0083828F /* BBDictionaryMatcher.m */,
				2CD44AEE18128CBB00734182 /* BBL33tMatcher.h */,
				2CD44AEF18128CBB00734182 /* BBL33tMatcher.m */,
				2C5334611813D7E2008D3024 /* BBSpatialMatcher.h */,
				2C5334621813D7E2008D3024 /* BBSpatialMatcher.m */,
				2C5334641813DE13008D3024 /* BBRepeatMatcher.h */,
				2C5334651813DE13008D3024 /* BBRepeatMatcher.m */,
				2C5334671813E20B008D3024 /* BBSequenceMatcher.h */,
				2C5334681813E20B008D3024 /* BBSequenceMatcher.m */,
				2C53346E1813E992008D3024 /* BBDigitsMatcher.h */,
				2C53346F1813E992008D3024 /* BBDigitsMatcher.m */,
				2C5334711813EA2C008D3024 /* BBYearMatcher.h */,
				2C5334721813EA2C008D3024 /* BBYearMatcher.m */,
				2C9526731815530C00D843CE /* BBDateMatcher.h */,
				2C9526741815530C00D843CE /* BBDateMatcher.m */,
			);
			name = "Pattern Matcher";
			sourceTree = "<group>";
		};
/* End PBXGroup section */

/* Begin PBXNativeTarget section */
		2CC9EB121811317C0083828F /* ZXCVBN */ = {
			isa = PBXNativeTarget;
			buildConfigurationList = 2CC9EB481811317C0083828F /* Build configuration list for PBXNativeTarget "ZXCVBN" */;
			buildPhases = (
				2CC9EB0F1811317C0083828F /* Sources */,
				2CC9EB101811317C0083828F /* Frameworks */,
				2CC9EB111811317C0083828F /* Resources */,
			);
			buildRules = (
			);
			dependencies = (
			);
			name = ZXCVBN;
			productName = ZXCVBN;
			productReference = 2CC9EB131811317C0083828F /* ZXCVBN.app */;
			productType = "com.apple.product-type.application";
		};
		2CC9EB361811317C0083828F /* ZXCVBNTests */ = {
			isa = PBXNativeTarget;
			buildConfigurationList = 2CC9EB4B1811317C0083828F /* Build configuration list for PBXNativeTarget "ZXCVBNTests" */;
			buildPhases = (
				2CC9EB331811317C0083828F /* Sources */,
				2CC9EB341811317C0083828F /* Frameworks */,
				2CC9EB351811317C0083828F /* Resources */,
			);
			buildRules = (
			);
			dependencies = (
				2CC9EB3D1811317C0083828F /* PBXTargetDependency */,
			);
			name = ZXCVBNTests;
			productName = ZXCVBNTests;
			productReference = 2CC9EB371811317C0083828F /* ZXCVBNTests.xctest */;
			productType = "com.apple.product-type.bundle.unit-test";
		};
/* End PBXNativeTarget section */

/* Begin PBXProject section */
		2CC9EB0B1811317C0083828F /* Project object */ = {
			isa = PBXProject;
			attributes = {
				CLASSPREFIX = BB;
				LastUpgradeCheck = 0500;
				ORGANIZATIONNAME = beanandbean;
				TargetAttributes = {
					2CC9EB361811317C0083828F = {
						TestTargetID = 2CC9EB121811317C0083828F;
					};
				};
			};
			buildConfigurationList = 2CC9EB0E1811317C0083828F /* Build configuration list for PBXProject "ZXCVBN" */;
			compatibilityVersion = "Xcode 3.2";
			developmentRegion = English;
			hasScannedForEncodings = 0;
			knownRegions = (
				en,
				Base,
			);
			mainGroup = 2CC9EB0A1811317C0083828F;
			productRefGroup = 2CC9EB141811317C0083828F /* Products */;
			projectDirPath = "";
			projectRoot = "";
			targets = (
				2CC9EB121811317C0083828F /* ZXCVBN */,
				2CC9EB361811317C0083828F /* ZXCVBNTests */,
			);
		};
/* End PBXProject section */

/* Begin PBXResourcesBuildPhase section */
		2CC9EB111811317C0083828F /* Resources */ = {
			isa = PBXResourcesBuildPhase;
			buildActionMask = 2147483647;
			files = (
				2CC9EB2D1811317C0083828F /* Main_iPad.storyboard in Resources */,
				2CC9EB321811317C0083828F /* Images.xcassets in Resources */,
				2CC9EB5718113EA90083828F /* frequency_lists.json in Resources */,
				2CC9EB2A1811317C0083828F /* Main_iPhone.storyboard in Resources */,
				2CC9EB5618113EA90083828F /* adjacency_graphs.json in Resources */,
				2CC9EB211811317C0083828F /* InfoPlist.strings in Resources */,
			);
			runOnlyForDeploymentPostprocessing = 0;
		};
		2CC9EB351811317C0083828F /* Resources */ = {
			isa = PBXResourcesBuildPhase;
			buildActionMask = 2147483647;
			files = (
				2CC9EB431811317C0083828F /* InfoPlist.strings in Resources */,
			);
			runOnlyForDeploymentPostprocessing = 0;
		};
/* End PBXResourcesBuildPhase section */

/* Begin PBXSourcesBuildPhase section */
		2CC9EB0F1811317C0083828F /* Sources */ = {
			isa = PBXSourcesBuildPhase;
			buildActionMask = 2147483647;
			files = (
				2C5334691813E20B008D3024 /* BBSequenceMatcher.m in Sources */,
				2C5334701813E992008D3024 /* BBDigitsMatcher.m in Sources */,
				2CE9AF36181673DD00D655D2 /* BBEntropyCenter.m in Sources */,
				2C9526751815530C00D843CE /* BBDateMatcher.m in Sources */,
				2C5334631813D7E2008D3024 /* BBSpatialMatcher.m in Sources */,
				2CD44AF018128CBB00734182 /* BBL33tMatcher.m in Sources */,
				2CC9EB60181142A40083828F /* BBPattern.m in Sources */,
				2C5334731813EA2C008D3024 /* BBYearMatcher.m in Sources */,
				2C53346D1813E6A8008D3024 /* BBRegularExpressionMatchHelper.m in Sources */,
				2CC9EB5D181141BF0083828F /* BBDictionaryMatcher.m in Sources */,
				2CC9EB301811317C0083828F /* BBViewController.m in Sources */,
				2CC9EB501811384A0083828F /* BBPasswordStrength.m in Sources */,
				2CC9EB271811317C0083828F /* BBAppDelegate.m in Sources */,
				2C5334661813DE13008D3024 /* BBRepeatMatcher.m in Sources */,
				2CC9EB231811317C0083828F /* main.m in Sources */,
				2CC9EB5318113E1B0083828F /* BBPatternCenter.m in Sources */,
			);
			runOnlyForDeploymentPostprocessing = 0;
		};
		2CC9EB331811317C0083828F /* Sources */ = {
			isa = PBXSourcesBuildPhase;
			buildActionMask = 2147483647;
			files = (
				2CC9EB451811317C0083828F /* ZXCVBNTests.m in Sources */,
			);
			runOnlyForDeploymentPostprocessing = 0;
		};
/* End PBXSourcesBuildPhase section */

/* Begin PBXTargetDependency section */
		2CC9EB3D1811317C0083828F /* PBXTargetDependency */ = {
			isa = PBXTargetDependency;
			target = 2CC9EB121811317C0083828F /* ZXCVBN */;
			targetProxy = 2CC9EB3C1811317C0083828F /* PBXContainerItemProxy */;
		};
/* End PBXTargetDependency section */

/* Begin PBXVariantGroup section */
		2CC9EB1F1811317C0083828F /* InfoPlist.strings */ = {
			isa = PBXVariantGroup;
			children = (
				2CC9EB201811317C0083828F /* en */,
			);
			name = InfoPlist.strings;
			sourceTree = "<group>";
		};
		2CC9EB281811317C0083828F /* Main_iPhone.storyboard */ = {
			isa = PBXVariantGroup;
			children = (
				2CC9EB291811317C0083828F /* Base */,
			);
			name = Main_iPhone.storyboard;
			sourceTree = "<group>";
		};
		2CC9EB2B1811317C0083828F /* Main_iPad.storyboard */ = {
			isa = PBXVariantGroup;
			children = (
				2CC9EB2C1811317C0083828F /* Base */,
			);
			name = Main_iPad.storyboard;
			sourceTree = "<group>";
		};
		2CC9EB411811317C0083828F /* InfoPlist.strings */ = {
			isa = PBXVariantGroup;
			children = (
				2CC9EB421811317C0083828F /* en */,
			);
			name = InfoPlist.strings;
			sourceTree = "<group>";
		};
/* End PBXVariantGroup section */

/* Begin XCBuildConfiguration section */
		2CC9EB461811317C0083828F /* Debug */ = {
			isa = XCBuildConfiguration;
			buildSettings = {
				ALWAYS_SEARCH_USER_PATHS = NO;
				ARCHS = "$(ARCHS_STANDARD_INCLUDING_64_BIT)";
				CLANG_CXX_LANGUAGE_STANDARD = "gnu++0x";
				CLANG_CXX_LIBRARY = "libc++";
				CLANG_ENABLE_MODULES = YES;
				CLANG_ENABLE_OBJC_ARC = YES;
				CLANG_WARN_BOOL_CONVERSION = YES;
				CLANG_WARN_CONSTANT_CONVERSION = YES;
				CLANG_WARN_DIRECT_OBJC_ISA_USAGE = YES_ERROR;
				CLANG_WARN_EMPTY_BODY = YES;
				CLANG_WARN_ENUM_CONVERSION = YES;
				CLANG_WARN_INT_CONVERSION = YES;
				CLANG_WARN_OBJC_ROOT_CLASS = YES_ERROR;
				CLANG_WARN__DUPLICATE_METHOD_MATCH = YES;
				"CODE_SIGN_IDENTITY[sdk=iphoneos*]" = "iPhone Developer";
				COPY_PHASE_STRIP = NO;
				GCC_C_LANGUAGE_STANDARD = gnu99;
				GCC_DYNAMIC_NO_PIC = NO;
				GCC_OPTIMIZATION_LEVEL = 0;
				GCC_PREPROCESSOR_DEFINITIONS = (
					"DEBUG=1",
					"$(inherited)",
				);
				GCC_SYMBOLS_PRIVATE_EXTERN = NO;
				GCC_WARN_64_TO_32_BIT_CONVERSION = YES;
				GCC_WARN_ABOUT_RETURN_TYPE = YES_ERROR;
				GCC_WARN_UNDECLARED_SELECTOR = YES;
				GCC_WARN_UNINITIALIZED_AUTOS = YES;
				GCC_WARN_UNUSED_FUNCTION = YES;
				GCC_WARN_UNUSED_VARIABLE = YES;
				IPHONEOS_DEPLOYMENT_TARGET = 7.0;
				ONLY_ACTIVE_ARCH = YES;
				SDKROOT = iphoneos;
				TARGETED_DEVICE_FAMILY = "1,2";
			};
			name = Debug;
		};
		2CC9EB471811317C0083828F /* Release */ = {
			isa = XCBuildConfiguration;
			buildSettings = {
				ALWAYS_SEARCH_USER_PATHS = NO;
				ARCHS = "$(ARCHS_STANDARD_INCLUDING_64_BIT)";
				CLANG_CXX_LANGUAGE_STANDARD = "gnu++0x";
				CLANG_CXX_LIBRARY = "libc++";
				CLANG_ENABLE_MODULES = YES;
				CLANG_ENABLE_OBJC_ARC = YES;
				CLANG_WARN_BOOL_CONVERSION = YES;
				CLANG_WARN_CONSTANT_CONVERSION = YES;
				CLANG_WARN_DIRECT_OBJC_ISA_USAGE = YES_ERROR;
				CLANG_WARN_EMPTY_BODY = YES;
				CLANG_WARN_ENUM_CONVERSION = YES;
				CLANG_WARN_INT_CONVERSION = YES;
				CLANG_WARN_OBJC_ROOT_CLASS = YES_ERROR;
				CLANG_WARN__DUPLICATE_METHOD_MATCH = YES;
				"CODE_SIGN_IDENTITY[sdk=iphoneos*]" = "iPhone Developer";
				COPY_PHASE_STRIP = YES;
				ENABLE_NS_ASSERTIONS = NO;
				GCC_C_LANGUAGE_STANDARD = gnu99;
				GCC_WARN_64_TO_32_BIT_CONVERSION = YES;
				GCC_WARN_ABOUT_RETURN_TYPE = YES_ERROR;
				GCC_WARN_UNDECLARED_SELECTOR = YES;
				GCC_WARN_UNINITIALIZED_AUTOS = YES;
				GCC_WARN_UNUSED_FUNCTION = YES;
				GCC_WARN_UNUSED_VARIABLE = YES;
				IPHONEOS_DEPLOYMENT_TARGET = 7.0;
				SDKROOT = iphoneos;
				TARGETED_DEVICE_FAMILY = "1,2";
				VALIDATE_PRODUCT = YES;
			};
			name = Release;
		};
		2CC9EB491811317C0083828F /* Debug */ = {
			isa = XCBuildConfiguration;
			buildSettings = {
				ASSETCATALOG_COMPILER_APPICON_NAME = AppIcon;
				ASSETCATALOG_COMPILER_LAUNCHIMAGE_NAME = LaunchImage;
				GCC_PRECOMPILE_PREFIX_HEADER = YES;
				GCC_PREFIX_HEADER = "ZXCVBN/ZXCVBN-Prefix.pch";
				INFOPLIST_FILE = "ZXCVBN/ZXCVBN-Info.plist";
				PRODUCT_NAME = "$(TARGET_NAME)";
				WRAPPER_EXTENSION = app;
			};
			name = Debug;
		};
		2CC9EB4A1811317C0083828F /* Release */ = {
			isa = XCBuildConfiguration;
			buildSettings = {
				ASSETCATALOG_COMPILER_APPICON_NAME = AppIcon;
				ASSETCATALOG_COMPILER_LAUNCHIMAGE_NAME = LaunchImage;
				GCC_PRECOMPILE_PREFIX_HEADER = YES;
				GCC_PREFIX_HEADER = "ZXCVBN/ZXCVBN-Prefix.pch";
				INFOPLIST_FILE = "ZXCVBN/ZXCVBN-Info.plist";
				PRODUCT_NAME = "$(TARGET_NAME)";
				WRAPPER_EXTENSION = app;
			};
			name = Release;
		};
		2CC9EB4C1811317C0083828F /* Debug */ = {
			isa = XCBuildConfiguration;
			buildSettings = {
				ARCHS = "$(ARCHS_STANDARD_INCLUDING_64_BIT)";
				BUNDLE_LOADER = "$(BUILT_PRODUCTS_DIR)/ZXCVBN.app/ZXCVBN";
				FRAMEWORK_SEARCH_PATHS = (
					"$(SDKROOT)/Developer/Library/Frameworks",
					"$(inherited)",
					"$(DEVELOPER_FRAMEWORKS_DIR)",
				);
				GCC_PRECOMPILE_PREFIX_HEADER = YES;
				GCC_PREFIX_HEADER = "ZXCVBN/ZXCVBN-Prefix.pch";
				GCC_PREPROCESSOR_DEFINITIONS = (
					"DEBUG=1",
					"$(inherited)",
				);
				INFOPLIST_FILE = "ZXCVBNTests/ZXCVBNTests-Info.plist";
				PRODUCT_NAME = "$(TARGET_NAME)";
				TEST_HOST = "$(BUNDLE_LOADER)";
				WRAPPER_EXTENSION = xctest;
			};
			name = Debug;
		};
		2CC9EB4D1811317C0083828F /* Release */ = {
			isa = XCBuildConfiguration;
			buildSettings = {
				ARCHS = "$(ARCHS_STANDARD_INCLUDING_64_BIT)";
				BUNDLE_LOADER = "$(BUILT_PRODUCTS_DIR)/ZXCVBN.app/ZXCVBN";
				FRAMEWORK_SEARCH_PATHS = (
					"$(SDKROOT)/Developer/Library/Frameworks",
					"$(inherited)",
					"$(DEVELOPER_FRAMEWORKS_DIR)",
				);
				GCC_PRECOMPILE_PREFIX_HEADER = YES;
				GCC_PREFIX_HEADER = "ZXCVBN/ZXCVBN-Prefix.pch";
				INFOPLIST_FILE = "ZXCVBNTests/ZXCVBNTests-Info.plist";
				PRODUCT_NAME = "$(TARGET_NAME)";
				TEST_HOST = "$(BUNDLE_LOADER)";
				WRAPPER_EXTENSION = xctest;
			};
			name = Release;
		};
/* End XCBuildConfiguration section */

/* Begin XCConfigurationList section */
		2CC9EB0E1811317C0083828F /* Build configuration list for PBXProject "ZXCVBN" */ = {
			isa = XCConfigurationList;
			buildConfigurations = (
				2CC9EB461811317C0083828F /* Debug */,
				2CC9EB471811317C0083828F /* Release */,
			);
			defaultConfigurationIsVisible = 0;
			defaultConfigurationName = Release;
		};
		2CC9EB481811317C0083828F /* Build configuration list for PBXNativeTarget "ZXCVBN" */ = {
			isa = XCConfigurationList;
			buildConfigurations = (
				2CC9EB491811317C0083828F /* Debug */,
				2CC9EB4A1811317C0083828F /* Release */,
			);
			defaultConfigurationIsVisible = 0;
			defaultConfigurationName = Release;
		};
		2CC9EB4B1811317C0083828F /* Build configuration list for PBXNativeTarget "ZXCVBNTests" */ = {
			isa = XCConfigurationList;
			buildConfigurations = (
				2CC9EB4C1811317C0083828F /* Debug */,
				2CC9EB4D1811317C0083828F /* Release */,
			);
			defaultConfigurationIsVisible = 0;
			defaultConfigurationName = Release;
		};
/* End XCConfigurationList section */
	};
	rootObject = 2CC9EB0B1811317C0083828F /* Project object */;
}
